
Microsoft Visual Studio Solution File, Format Version 12.00
# Visual Studio 2013
VisualStudioVersion = 12.0.31101.0
MinimumVisualStudioVersion = 10.0.40219.1
Project("{FAE04EC0-301F-11D3-BF4B-00C04F79EFBC}") = "Space Engineers Script", "Space Engineers Script\Space Engineers Script.csproj", "{CEC03E5A-8FD5-466B-A36C-A14BCA9518BB}"
EndProject
Project("{2150E333-8FDC-42A3-9474-1A3956D46DE8}") = "Solution Items", "Solution Items", "{C211D2AD-FF9B-482A-928B-9FAFA0DEB68C}"
	ProjectSection(SolutionItems) = preProject
		Class1.cs = Class1.cs
	EndProjectSection
EndProject
Global
	GlobalSection(SolutionConfigurationPlatforms) = preSolution
		Debug|Any CPU = Debug|Any CPU
		Release|Any CPU = Release|Any CPU
	EndGlobalSection
	GlobalSection(ProjectConfigurationPlatforms) = postSolution
		{CEC03E5A-8FD5-466B-A36C-A14BCA9518BB}.Debug|Any CPU.ActiveCfg = Debug|Any CPU
		{CEC03E5A-8FD5-466B-A36C-A14BCA9518BB}.Debug|Any CPU.Build.0 = Debug|Any CPU
		{CEC03E5A-8FD5-466B-A36C-A14BCA9518BB}.Release|Any CPU.ActiveCfg = Release|Any CPU
		{CEC03E5A-8FD5-466B-A36C-A14BCA9518BB}.Release|Any CPU.Build.0 = Release|Any CPU
	EndGlobalSection
	GlobalSection(SolutionProperties) = preSolution
		HideSolutionNode = FALSE
	EndGlobalSection
EndGlobal
